
Microsoft Visual Studio Solution File, Format Version 12.00
# Visual Studio Version 16
VisualStudioVersion = 16.0.30523.141
MinimumVisualStudioVersion = 10.0.40219.1
Project("{FAE04EC0-301F-11D3-BF4B-00C04F79EFBC}") = "Open-Lab-11.00", "Open-Lab-11.00\Open-Lab-11.00.csproj", "{3226C65A-47AD-4E08-BCF9-BD358C68667F}"
EndProject
Global
	GlobalSection(SolutionConfigurationPlatforms) = preSolution
		Debug|Any CPU = Debug|Any CPU
		Release|Any CPU = Release|Any CPU
	EndGlobalSection
	GlobalSection(ProjectConfigurationPlatforms) = postSolution
		{3226C65A-47AD-4E08-BCF9-BD358C68667F}.Debug|Any CPU.ActiveCfg = Debug|Any CPU
		{3226C65A-47AD-4E08-BCF9-BD358C68667F}.Debug|Any CPU.Build.0 = Debug|Any CPU
		{3226C65A-47AD-4E08-BCF9-BD358C68667F}.Release|Any CPU.ActiveCfg = Release|Any CPU
		{3226C65A-47AD-4E08-BCF9-BD358C68667F}.Release|Any CPU.Build.0 = Release|Any CPU
	EndGlobalSection
	GlobalSection(SolutionProperties) = preSolution
		HideSolutionNode = FALSE
	EndGlobalSection
	GlobalSection(ExtensibilityGlobals) = postSolution
		SolutionGuid = {F72502C0-27BE-47E2-859E-5615D7785C8E}
	EndGlobalSection
EndGlobal
